
Microsoft Visual Studio Solution File, Format Version 12.00
# Visual Studio 14
VisualStudioVersion = 14.0.25420.1
MinimumVisualStudioVersion = 10.0.40219.1
Project("{FAE04EC0-301F-11D3-BF4B-00C04F79EFBC}") = "PonsCognitiveServices", "PonsCognitiveServices\PonsCognitiveServices.csproj", "{2F2FC1E1-F71F-48FB-9527-22CE9ED45930}"
EndProject
Project("{FAE04EC0-301F-11D3-BF4B-00C04F79EFBC}") = "PonsCognitiveServicesWPF", "PonsCognitiveServicesWPF\PonsCognitiveServicesWPF.csproj", "{E59A30E3-1565-4F1C-AAFF-DC6EC4A63E1A}"
EndProject
Global
	GlobalSection(SolutionConfigurationPlatforms) = preSolution
		Debug|Any CPU = Debug|Any CPU
		Debug|ARM = Debug|ARM
		Debug|x64 = Debug|x64
		Debug|x86 = Debug|x86
		Release|Any CPU = Release|Any CPU
		Release|ARM = Release|ARM
		Release|x64 = Release|x64
		Release|x86 = Release|x86
	EndGlobalSection
	GlobalSection(ProjectConfigurationPlatforms) = postSolution
		{2F2FC1E1-F71F-48FB-9527-22CE9ED45930}.Debug|Any CPU.ActiveCfg = Debug|x86
		{2F2FC1E1-F71F-48FB-9527-22CE9ED45930}.Debug|ARM.ActiveCfg = Debug|ARM
		{2F2FC1E1-F71F-48FB-9527-22CE9ED45930}.Debug|ARM.Build.0 = Debug|ARM
		{2F2FC1E1-F71F-48FB-9527-22CE9ED45930}.Debug|ARM.Deploy.0 = Debug|ARM
		{2F2FC1E1-F71F-48FB-9527-22CE9ED45930}.Debug|x64.ActiveCfg = Debug|x64
		{2F2FC1E1-F71F-48FB-9527-22CE9ED45930}.Debug|x64.Build.0 = Debug|x64
		{2F2FC1E1-F71F-48FB-9527-22CE9ED45930}.Debug|x64.Deploy.0 = Debug|x64
		{2F2FC1E1-F71F-48FB-9527-22CE9ED45930}.Debug|x86.ActiveCfg = Debug|x86
		{2F2FC1E1-F71F-48FB-9527-22CE9ED45930}.Debug|x86.Build.0 = Debug|x86
		{2F2FC1E1-F71F-48FB-9527-22CE9ED45930}.Debug|x86.Deploy.0 = Debug|x86
		{2F2FC1E1-F71F-48FB-9527-22CE9ED45930}.Release|Any CPU.ActiveCfg = Release|x86
		{2F2FC1E1-F71F-48FB-9527-22CE9ED45930}.Release|ARM.ActiveCfg = Release|ARM
		{2F2FC1E1-F71F-48FB-9527-22CE9ED45930}.Release|ARM.Build.0 = Release|ARM
		{2F2FC1E1-F71F-48FB-9527-22CE9ED45930}.Release|ARM.Deploy.0 = Release|ARM
		{2F2FC1E1-F71F-48FB-9527-22CE9ED45930}.Release|x64.ActiveCfg = Release|x64
		{2F2FC1E1-F71F-48FB-9527-22CE9ED45930}.Release|x64.Build.0 = Release|x64
		{2F2FC1E1-F71F-48FB-9527-22CE9ED45930}.Release|x64.Deploy.0 = Release|x64
		{2F2FC1E1-F71F-48FB-9527-22CE9ED45930}.Release|x86.ActiveCfg = Release|x86
		{2F2FC1E1-F71F-48FB-9527-22CE9ED45930}.Release|x86.Build.0 = Release|x86
		{2F2FC1E1-F71F-48FB-9527-22CE9ED45930}.Release|x86.Deploy.0 = Release|x86
		{E59A30E3-1565-4F1C-AAFF-DC6EC4A63E1A}.Debug|Any CPU.ActiveCfg = Debug|Any CPU
		{E59A30E3-1565-4F1C-AAFF-DC6EC4A63E1A}.Debug|Any CPU.Build.0 = Debug|Any CPU
		{E59A30E3-1565-4F1C-AAFF-DC6EC4A63E1A}.Debug|ARM.ActiveCfg = Debug|Any CPU
		{E59A30E3-1565-4F1C-AAFF-DC6EC4A63E1A}.Debug|ARM.Build.0 = Debug|Any CPU
		{E59A30E3-1565-4F1C-AAFF-DC6EC4A63E1A}.Debug|x64.ActiveCfg = Debug|Any CPU
		{E59A30E3-1565-4F1C-AAFF-DC6EC4A63E1A}.Debug|x64.Build.0 = Debug|Any CPU
		{E59A30E3-1565-4F1C-AAFF-DC6EC4A63E1A}.Debug|x86.ActiveCfg = Debug|Any CPU
		{E59A30E3-1565-4F1C-AAFF-DC6EC4A63E1A}.Debug|x86.Build.0 = Debug|Any CPU
		{E59A30E3-1565-4F1C-AAFF-DC6EC4A63E1A}.Release|Any CPU.ActiveCfg = Release|Any CPU
		{E59A30E3-1565-4F1C-AAFF-DC6EC4A63E1A}.Release|Any CPU.Build.0 = Release|Any CPU
		{E59A30E3-1565-4F1C-AAFF-DC6EC4A63E1A}.Release|ARM.ActiveCfg = Release|Any CPU
		{E59A30E3-1565-4F1C-AAFF-DC6EC4A63E1A}.Release|ARM.Build.0 = Release|Any CPU
		{E59A30E3-1565-4F1C-AAFF-DC6EC4A63E1A}.Release|x64.ActiveCfg = Release|Any CPU
		{E59A30E3-1565-4F1C-AAFF-DC6EC4A63E1A}.Release|x64.Build.0 = Release|Any CPU
		{E59A30E3-1565-4F1C-AAFF-DC6EC4A63E1A}.Release|x86.ActiveCfg = Release|Any CPU
		{E59A30E3-1565-4F1C-AAFF-DC6EC4A63E1A}.Release|x86.Build.0 = Release|Any CPU
	EndGlobalSection
	GlobalSection(SolutionProperties) = preSolution
		HideSolutionNode = FALSE
	EndGlobalSection
EndGlobal
